
Microsoft Visual Studio Solution File, Format Version 12.00
# Visual Studio 14
VisualStudioVersion = 14.0.25420.1
MinimumVisualStudioVersion = 10.0.40219.1
Project("{FAE04EC0-301F-11D3-BF4B-00C04F79EFBC}") = "Tdf.BaseCache", "Tdf.BaseCache\Tdf.BaseCache.csproj", "{95148751-27F9-42F0-979A-14256864709C}"
EndProject
Project("{FAE04EC0-301F-11D3-BF4B-00C04F79EFBC}") = "Test.BaseCache", "Test.BaseCache\Test.BaseCache.csproj", "{9C6CF67B-5A55-4B73-AB65-BB1F68E7994C}"
EndProject
Global
	GlobalSection(SolutionConfigurationPlatforms) = preSolution
		Debug|Any CPU = Debug|Any CPU
		Release|Any CPU = Release|Any CPU
	EndGlobalSection
	GlobalSection(ProjectConfigurationPlatforms) = postSolution
		{95148751-27F9-42F0-979A-14256864709C}.Debug|Any CPU.ActiveCfg = Debug|Any CPU
		{95148751-27F9-42F0-979A-14256864709C}.Debug|Any CPU.Build.0 = Debug|Any CPU
		{95148751-27F9-42F0-979A-14256864709C}.Release|Any CPU.ActiveCfg = Release|Any CPU
		{95148751-27F9-42F0-979A-14256864709C}.Release|Any CPU.Build.0 = Release|Any CPU
		{9C6CF67B-5A55-4B73-AB65-BB1F68E7994C}.Debug|Any CPU.ActiveCfg = Debug|Any CPU
		{9C6CF67B-5A55-4B73-AB65-BB1F68E7994C}.Debug|Any CPU.Build.0 = Debug|Any CPU
		{9C6CF67B-5A55-4B73-AB65-BB1F68E7994C}.Release|Any CPU.ActiveCfg = Release|Any CPU
		{9C6CF67B-5A55-4B73-AB65-BB1F68E7994C}.Release|Any CPU.Build.0 = Release|Any CPU
	EndGlobalSection
	GlobalSection(SolutionProperties) = preSolution
		HideSolutionNode = FALSE
	EndGlobalSection
EndGlobal
